
Microsoft Visual Studio Solution File, Format Version 12.00
# Visual Studio Version 17
VisualStudioVersion = 17.0.31903.59
MinimumVisualStudioVersion = 10.0.40219.1
Project("{FAE04EC0-301F-11D3-BF4B-00C04F79EFBC}") = "E5Renewer", "E5Renewer\E5Renewer.csproj", "{F895338E-CD48-473C-8604-89C57CBA0353}"
EndProject
Project("{FAE04EC0-301F-11D3-BF4B-00C04F79EFBC}") = "E5Renewer.Tests", "E5Renewer.Tests\E5Renewer.Tests.csproj", "{74395711-5B07-4A82-841B-FCF2FF33D8D9}"
EndProject
Project("{FAE04EC0-301F-11D3-BF4B-00C04F79EFBC}") = "E5Renewer.Controllers.Tests", "E5Renewer.Controllers.Tests\E5Renewer.Controllers.Tests.csproj", "{A570FE28-2D2E-4004-AB77-40ACF8D26AD8}"
EndProject
Project("{FAE04EC0-301F-11D3-BF4B-00C04F79EFBC}") = "E5Renewer.Controllers.V1.Tests", "E5Renewer.Controllers.V1.Tests\E5Renewer.Controllers.V1.Tests.csproj", "{E46E5A23-2A35-4108-8F25-A27F16219C98}"
EndProject
Project("{FAE04EC0-301F-11D3-BF4B-00C04F79EFBC}") = "E5Renewer.Controllers.V1", "E5Renewer.Controllers.V1\E5Renewer.Controllers.V1.csproj", "{5D86897B-33C2-427E-B663-65B3337A0A3C}"
EndProject
Project("{FAE04EC0-301F-11D3-BF4B-00C04F79EFBC}") = "E5Renewer.Controllers", "E5Renewer.Controllers\E5Renewer.Controllers.csproj", "{DCBC3881-1999-4171-98C8-2C4A99289980}"
EndProject
Project("{FAE04EC0-301F-11D3-BF4B-00C04F79EFBC}") = "E5Renewer.Models.BackgroundServices.Tests", "E5Renewer.Models.BackgroundServices.Tests\E5Renewer.Models.BackgroundServices.Tests.csproj", "{A4C05885-DE4A-44D2-8392-CBCFB8358096}"
EndProject
Project("{FAE04EC0-301F-11D3-BF4B-00C04F79EFBC}") = "E5Renewer.Models.BackgroundServices", "E5Renewer.Models.BackgroundServices\E5Renewer.Models.BackgroundServices.csproj", "{F15D6F7C-29C1-45B8-8C15-349041599F93}"
EndProject
Project("{FAE04EC0-301F-11D3-BF4B-00C04F79EFBC}") = "E5Renewer.Models.GraphAPIs.Tests", "E5Renewer.Models.GraphAPIs.Tests\E5Renewer.Models.GraphAPIs.Tests.csproj", "{8BAD6BFA-BE89-4728-A696-DE15839F8A7A}"
EndProject
Project("{FAE04EC0-301F-11D3-BF4B-00C04F79EFBC}") = "E5Renewer.Models.GraphAPIs", "E5Renewer.Models.GraphAPIs\E5Renewer.Models.GraphAPIs.csproj", "{0AA8494A-6D98-4C14-A20A-F60A5624688D}"
EndProject
Project("{FAE04EC0-301F-11D3-BF4B-00C04F79EFBC}") = "E5Renewer.Models.Modules.Tests", "E5Renewer.Models.Modules.Tests\E5Renewer.Models.Modules.Tests.csproj", "{83AAD27D-FBFF-46B8-B816-6058CB8A72FE}"
EndProject
Project("{FAE04EC0-301F-11D3-BF4B-00C04F79EFBC}") = "E5Renewer.Models.Modules", "E5Renewer.Models.Modules\E5Renewer.Models.Modules.csproj", "{73F18166-D317-419F-BF83-F9525535A66A}"
EndProject
Project("{FAE04EC0-301F-11D3-BF4B-00C04F79EFBC}") = "E5Renewer.Models.Secrets.Tests", "E5Renewer.Models.Secrets.Tests\E5Renewer.Models.Secrets.Tests.csproj", "{BDBE004B-43AB-4D9A-9901-5881E5D3A07B}"
EndProject
Project("{FAE04EC0-301F-11D3-BF4B-00C04F79EFBC}") = "E5Renewer.Models.Secrets", "E5Renewer.Models.Secrets\E5Renewer.Models.Secrets.csproj", "{AAA67DBC-50D3-4CC9-A0B3-BA89DDE7CCCF}"
EndProject
Project("{FAE04EC0-301F-11D3-BF4B-00C04F79EFBC}") = "E5Renewer.Models.SourceGenerators.Tests", "E5Renewer.Models.SourceGenerators.Tests\E5Renewer.Models.SourceGenerators.Tests.csproj", "{544DF8A5-2137-43C3-809C-1B727BEC7AB6}"
EndProject
Project("{FAE04EC0-301F-11D3-BF4B-00C04F79EFBC}") = "E5Renewer.Models.SourceGenerators", "E5Renewer.Models.SourceGenerators\E5Renewer.Models.SourceGenerators.csproj", "{10045424-ABAE-49B1-825C-A1C7719D5AB6}"
EndProject
Project("{FAE04EC0-301F-11D3-BF4B-00C04F79EFBC}") = "E5Renewer.Models.Statistics.Tests", "E5Renewer.Models.Statistics.Tests\E5Renewer.Models.Statistics.Tests.csproj", "{2A08A74F-41B0-4E8D-923D-2407022EF05F}"
EndProject
Project("{FAE04EC0-301F-11D3-BF4B-00C04F79EFBC}") = "E5Renewer.Models.Statistics", "E5Renewer.Models.Statistics\E5Renewer.Models.Statistics.csproj", "{AFE72FBF-717F-4128-9E88-465BB58D688D}"
EndProject
Project("{FAE04EC0-301F-11D3-BF4B-00C04F79EFBC}") = "E5Renewer.Models.Secrets.Json.Tests", "E5Renewer.Models.Secrets.Json.Tests\E5Renewer.Models.Secrets.Json.Tests.csproj", "{4FD5D745-CF5A-4626-862D-F26CA905B53D}"
EndProject
Project("{FAE04EC0-301F-11D3-BF4B-00C04F79EFBC}") = "E5Renewer.Models.Secrets.Json", "E5Renewer.Models.Secrets.Json\E5Renewer.Models.Secrets.Json.csproj", "{C57B98D5-7ABF-4C8E-86C9-E24B8B5D5A9F}"
EndProject
Project("{FAE04EC0-301F-11D3-BF4B-00C04F79EFBC}") = "E5Renewer.Models.Secrets.Toml.Tests", "E5Renewer.Models.Secrets.Toml.Tests\E5Renewer.Models.Secrets.Toml.Tests.csproj", "{A5705EB0-A7CB-4B5C-B95A-09642392CB45}"
EndProject
Project("{FAE04EC0-301F-11D3-BF4B-00C04F79EFBC}") = "E5Renewer.Models.Secrets.Toml", "E5Renewer.Models.Secrets.Toml\E5Renewer.Models.Secrets.Toml.csproj", "{97732C4C-BBAC-4A70-BD4A-13A38C172F3A}"
EndProject
Project("{FAE04EC0-301F-11D3-BF4B-00C04F79EFBC}") = "E5Renewer.Models.Secrets.Yaml.Tests", "E5Renewer.Models.Secrets.Yaml.Tests\E5Renewer.Models.Secrets.Yaml.Tests.csproj", "{0FF37727-6662-4FC8-9CC4-9175BCA6234B}"
EndProject
Project("{FAE04EC0-301F-11D3-BF4B-00C04F79EFBC}") = "E5Renewer.Models.Secrets.Yaml", "E5Renewer.Models.Secrets.Yaml\E5Renewer.Models.Secrets.Yaml.csproj", "{540DDE34-1E39-4371-B906-68C943CED961}"
EndProject
Global
	GlobalSection(SolutionProperties) = preSolution
		HideSolutionNode = FALSE
	EndGlobalSection
	GlobalSection(SolutionConfigurationPlatforms) = preSolution
		Debug|Any CPU = Debug|Any CPU
		Debug|x64 = Debug|x64
		Debug|x86 = Debug|x86
		Release|Any CPU = Release|Any CPU
		Release|x64 = Release|x64
		Release|x86 = Release|x86
	EndGlobalSection
	GlobalSection(ProjectConfigurationPlatforms) = postSolution
		{F895338E-CD48-473C-8604-89C57CBA0353}.Debug|Any CPU.ActiveCfg = Debug|Any CPU
		{F895338E-CD48-473C-8604-89C57CBA0353}.Debug|Any CPU.Build.0 = Debug|Any CPU
		{F895338E-CD48-473C-8604-89C57CBA0353}.Debug|x64.ActiveCfg = Debug|Any CPU
		{F895338E-CD48-473C-8604-89C57CBA0353}.Debug|x64.Build.0 = Debug|Any CPU
		{F895338E-CD48-473C-8604-89C57CBA0353}.Debug|x86.ActiveCfg = Debug|Any CPU
		{F895338E-CD48-473C-8604-89C57CBA0353}.Debug|x86.Build.0 = Debug|Any CPU
		{F895338E-CD48-473C-8604-89C57CBA0353}.Release|Any CPU.ActiveCfg = Release|Any CPU
		{F895338E-CD48-473C-8604-89C57CBA0353}.Release|Any CPU.Build.0 = Release|Any CPU
		{F895338E-CD48-473C-8604-89C57CBA0353}.Release|x64.ActiveCfg = Release|Any CPU
		{F895338E-CD48-473C-8604-89C57CBA0353}.Release|x64.Build.0 = Release|Any CPU
		{F895338E-CD48-473C-8604-89C57CBA0353}.Release|x86.ActiveCfg = Release|Any CPU
		{F895338E-CD48-473C-8604-89C57CBA0353}.Release|x86.Build.0 = Release|Any CPU
		{74395711-5B07-4A82-841B-FCF2FF33D8D9}.Debug|Any CPU.ActiveCfg = Debug|Any CPU
		{74395711-5B07-4A82-841B-FCF2FF33D8D9}.Debug|Any CPU.Build.0 = Debug|Any CPU
		{74395711-5B07-4A82-841B-FCF2FF33D8D9}.Debug|x64.ActiveCfg = Debug|Any CPU
		{74395711-5B07-4A82-841B-FCF2FF33D8D9}.Debug|x64.Build.0 = Debug|Any CPU
		{74395711-5B07-4A82-841B-FCF2FF33D8D9}.Debug|x86.ActiveCfg = Debug|Any CPU
		{74395711-5B07-4A82-841B-FCF2FF33D8D9}.Debug|x86.Build.0 = Debug|Any CPU
		{74395711-5B07-4A82-841B-FCF2FF33D8D9}.Release|Any CPU.ActiveCfg = Release|Any CPU
		{74395711-5B07-4A82-841B-FCF2FF33D8D9}.Release|Any CPU.Build.0 = Release|Any CPU
		{74395711-5B07-4A82-841B-FCF2FF33D8D9}.Release|x64.ActiveCfg = Release|Any CPU
		{74395711-5B07-4A82-841B-FCF2FF33D8D9}.Release|x64.Build.0 = Release|Any CPU
		{74395711-5B07-4A82-841B-FCF2FF33D8D9}.Release|x86.ActiveCfg = Release|Any CPU
		{74395711-5B07-4A82-841B-FCF2FF33D8D9}.Release|x86.Build.0 = Release|Any CPU
		{A570FE28-2D2E-4004-AB77-40ACF8D26AD8}.Debug|Any CPU.ActiveCfg = Debug|Any CPU
		{A570FE28-2D2E-4004-AB77-40ACF8D26AD8}.Debug|Any CPU.Build.0 = Debug|Any CPU
		{A570FE28-2D2E-4004-AB77-40ACF8D26AD8}.Debug|x64.ActiveCfg = Debug|Any CPU
		{A570FE28-2D2E-4004-AB77-40ACF8D26AD8}.Debug|x64.Build.0 = Debug|Any CPU
		{A570FE28-2D2E-4004-AB77-40ACF8D26AD8}.Debug|x86.ActiveCfg = Debug|Any CPU
		{A570FE28-2D2E-4004-AB77-40ACF8D26AD8}.Debug|x86.Build.0 = Debug|Any CPU
		{A570FE28-2D2E-4004-AB77-40ACF8D26AD8}.Release|Any CPU.ActiveCfg = Release|Any CPU
		{A570FE28-2D2E-4004-AB77-40ACF8D26AD8}.Release|Any CPU.Build.0 = Release|Any CPU
		{A570FE28-2D2E-4004-AB77-40ACF8D26AD8}.Release|x64.ActiveCfg = Release|Any CPU
		{A570FE28-2D2E-4004-AB77-40ACF8D26AD8}.Release|x64.Build.0 = Release|Any CPU
		{A570FE28-2D2E-4004-AB77-40ACF8D26AD8}.Release|x86.ActiveCfg = Release|Any CPU
		{A570FE28-2D2E-4004-AB77-40ACF8D26AD8}.Release|x86.Build.0 = Release|Any CPU
		{E46E5A23-2A35-4108-8F25-A27F16219C98}.Debug|Any CPU.ActiveCfg = Debug|Any CPU
		{E46E5A23-2A35-4108-8F25-A27F16219C98}.Debug|Any CPU.Build.0 = Debug|Any CPU
		{E46E5A23-2A35-4108-8F25-A27F16219C98}.Debug|x64.ActiveCfg = Debug|Any CPU
		{E46E5A23-2A35-4108-8F25-A27F16219C98}.Debug|x64.Build.0 = Debug|Any CPU
		{E46E5A23-2A35-4108-8F25-A27F16219C98}.Debug|x86.ActiveCfg = Debug|Any CPU
		{E46E5A23-2A35-4108-8F25-A27F16219C98}.Debug|x86.Build.0 = Debug|Any CPU
		{E46E5A23-2A35-4108-8F25-A27F16219C98}.Release|Any CPU.ActiveCfg = Release|Any CPU
		{E46E5A23-2A35-4108-8F25-A27F16219C98}.Release|Any CPU.Build.0 = Release|Any CPU
		{E46E5A23-2A35-4108-8F25-A27F16219C98}.Release|x64.ActiveCfg = Release|Any CPU
		{E46E5A23-2A35-4108-8F25-A27F16219C98}.Release|x64.Build.0 = Release|Any CPU
		{E46E5A23-2A35-4108-8F25-A27F16219C98}.Release|x86.ActiveCfg = Release|Any CPU
		{E46E5A23-2A35-4108-8F25-A27F16219C98}.Release|x86.Build.0 = Release|Any CPU
		{5D86897B-33C2-427E-B663-65B3337A0A3C}.Debug|Any CPU.ActiveCfg = Debug|Any CPU
		{5D86897B-33C2-427E-B663-65B3337A0A3C}.Debug|Any CPU.Build.0 = Debug|Any CPU
		{5D86897B-33C2-427E-B663-65B3337A0A3C}.Debug|x64.ActiveCfg = Debug|Any CPU
		{5D86897B-33C2-427E-B663-65B3337A0A3C}.Debug|x64.Build.0 = Debug|Any CPU
		{5D86897B-33C2-427E-B663-65B3337A0A3C}.Debug|x86.ActiveCfg = Debug|Any CPU
		{5D86897B-33C2-427E-B663-65B3337A0A3C}.Debug|x86.Build.0 = Debug|Any CPU
		{5D86897B-33C2-427E-B663-65B3337A0A3C}.Release|Any CPU.ActiveCfg = Release|Any CPU
		{5D86897B-33C2-427E-B663-65B3337A0A3C}.Release|Any CPU.Build.0 = Release|Any CPU
		{5D86897B-33C2-427E-B663-65B3337A0A3C}.Release|x64.ActiveCfg = Release|Any CPU
		{5D86897B-33C2-427E-B663-65B3337A0A3C}.Release|x64.Build.0 = Release|Any CPU
		{5D86897B-33C2-427E-B663-65B3337A0A3C}.Release|x86.ActiveCfg = Release|Any CPU
		{5D86897B-33C2-427E-B663-65B3337A0A3C}.Release|x86.Build.0 = Release|Any CPU
		{DCBC3881-1999-4171-98C8-2C4A99289980}.Debug|Any CPU.ActiveCfg = Debug|Any CPU
		{DCBC3881-1999-4171-98C8-2C4A99289980}.Debug|Any CPU.Build.0 = Debug|Any CPU
		{DCBC3881-1999-4171-98C8-2C4A99289980}.Debug|x64.ActiveCfg = Debug|Any CPU
		{DCBC3881-1999-4171-98C8-2C4A99289980}.Debug|x64.Build.0 = Debug|Any CPU
		{DCBC3881-1999-4171-98C8-2C4A99289980}.Debug|x86.ActiveCfg = Debug|Any CPU
		{DCBC3881-1999-4171-98C8-2C4A99289980}.Debug|x86.Build.0 = Debug|Any CPU
		{DCBC3881-1999-4171-98C8-2C4A99289980}.Release|Any CPU.ActiveCfg = Release|Any CPU
		{DCBC3881-1999-4171-98C8-2C4A99289980}.Release|Any CPU.Build.0 = Release|Any CPU
		{DCBC3881-1999-4171-98C8-2C4A99289980}.Release|x64.ActiveCfg = Release|Any CPU
		{DCBC3881-1999-4171-98C8-2C4A99289980}.Release|x64.Build.0 = Release|Any CPU
		{DCBC3881-1999-4171-98C8-2C4A99289980}.Release|x86.ActiveCfg = Release|Any CPU
		{DCBC3881-1999-4171-98C8-2C4A99289980}.Release|x86.Build.0 = Release|Any CPU
		{A4C05885-DE4A-44D2-8392-CBCFB8358096}.Debug|Any CPU.ActiveCfg = Debug|Any CPU
		{A4C05885-DE4A-44D2-8392-CBCFB8358096}.Debug|Any CPU.Build.0 = Debug|Any CPU
		{A4C05885-DE4A-44D2-8392-CBCFB8358096}.Debug|x64.ActiveCfg = Debug|Any CPU
		{A4C05885-DE4A-44D2-8392-CBCFB8358096}.Debug|x64.Build.0 = Debug|Any CPU
		{A4C05885-DE4A-44D2-8392-CBCFB8358096}.Debug|x86.ActiveCfg = Debug|Any CPU
		{A4C05885-DE4A-44D2-8392-CBCFB8358096}.Debug|x86.Build.0 = Debug|Any CPU
		{A4C05885-DE4A-44D2-8392-CBCFB8358096}.Release|Any CPU.ActiveCfg = Release|Any CPU
		{A4C05885-DE4A-44D2-8392-CBCFB8358096}.Release|Any CPU.Build.0 = Release|Any CPU
		{A4C05885-DE4A-44D2-8392-CBCFB8358096}.Release|x64.ActiveCfg = Release|Any CPU
		{A4C05885-DE4A-44D2-8392-CBCFB8358096}.Release|x64.Build.0 = Release|Any CPU
		{A4C05885-DE4A-44D2-8392-CBCFB8358096}.Release|x86.ActiveCfg = Release|Any CPU
		{A4C05885-DE4A-44D2-8392-CBCFB8358096}.Release|x86.Build.0 = Release|Any CPU
		{F15D6F7C-29C1-45B8-8C15-349041599F93}.Debug|Any CPU.ActiveCfg = Debug|Any CPU
		{F15D6F7C-29C1-45B8-8C15-349041599F93}.Debug|Any CPU.Build.0 = Debug|Any CPU
		{F15D6F7C-29C1-45B8-8C15-349041599F93}.Debug|x64.ActiveCfg = Debug|Any CPU
		{F15D6F7C-29C1-45B8-8C15-349041599F93}.Debug|x64.Build.0 = Debug|Any CPU
		{F15D6F7C-29C1-45B8-8C15-349041599F93}.Debug|x86.ActiveCfg = Debug|Any CPU
		{F15D6F7C-29C1-45B8-8C15-349041599F93}.Debug|x86.Build.0 = Debug|Any CPU
		{F15D6F7C-29C1-45B8-8C15-349041599F93}.Release|Any CPU.ActiveCfg = Release|Any CPU
		{F15D6F7C-29C1-45B8-8C15-349041599F93}.Release|Any CPU.Build.0 = Release|Any CPU
		{F15D6F7C-29C1-45B8-8C15-349041599F93}.Release|x64.ActiveCfg = Release|Any CPU
		{F15D6F7C-29C1-45B8-8C15-349041599F93}.Release|x64.Build.0 = Release|Any CPU
		{F15D6F7C-29C1-45B8-8C15-349041599F93}.Release|x86.ActiveCfg = Release|Any CPU
		{F15D6F7C-29C1-45B8-8C15-349041599F93}.Release|x86.Build.0 = Release|Any CPU
		{8BAD6BFA-BE89-4728-A696-DE15839F8A7A}.Debug|Any CPU.ActiveCfg = Debug|Any CPU
		{8BAD6BFA-BE89-4728-A696-DE15839F8A7A}.Debug|Any CPU.Build.0 = Debug|Any CPU
		{8BAD6BFA-BE89-4728-A696-DE15839F8A7A}.Debug|x64.ActiveCfg = Debug|Any CPU
		{8BAD6BFA-BE89-4728-A696-DE15839F8A7A}.Debug|x64.Build.0 = Debug|Any CPU
		{8BAD6BFA-BE89-4728-A696-DE15839F8A7A}.Debug|x86.ActiveCfg = Debug|Any CPU
		{8BAD6BFA-BE89-4728-A696-DE15839F8A7A}.Debug|x86.Build.0 = Debug|Any CPU
		{8BAD6BFA-BE89-4728-A696-DE15839F8A7A}.Release|Any CPU.ActiveCfg = Release|Any CPU
		{8BAD6BFA-BE89-4728-A696-DE15839F8A7A}.Release|Any CPU.Build.0 = Release|Any CPU
		{8BAD6BFA-BE89-4728-A696-DE15839F8A7A}.Release|x64.ActiveCfg = Release|Any CPU
		{8BAD6BFA-BE89-4728-A696-DE15839F8A7A}.Release|x64.Build.0 = Release|Any CPU
		{8BAD6BFA-BE89-4728-A696-DE15839F8A7A}.Release|x86.ActiveCfg = Release|Any CPU
		{8BAD6BFA-BE89-4728-A696-DE15839F8A7A}.Release|x86.Build.0 = Release|Any CPU
		{0AA8494A-6D98-4C14-A20A-F60A5624688D}.Debug|Any CPU.ActiveCfg = Debug|Any CPU
		{0AA8494A-6D98-4C14-A20A-F60A5624688D}.Debug|Any CPU.Build.0 = Debug|Any CPU
		{0AA8494A-6D98-4C14-A20A-F60A5624688D}.Debug|x64.ActiveCfg = Debug|Any CPU
		{0AA8494A-6D98-4C14-A20A-F60A5624688D}.Debug|x64.Build.0 = Debug|Any CPU
		{0AA8494A-6D98-4C14-A20A-F60A5624688D}.Debug|x86.ActiveCfg = Debug|Any CPU
		{0AA8494A-6D98-4C14-A20A-F60A5624688D}.Debug|x86.Build.0 = Debug|Any CPU
		{0AA8494A-6D98-4C14-A20A-F60A5624688D}.Release|Any CPU.ActiveCfg = Release|Any CPU
		{0AA8494A-6D98-4C14-A20A-F60A5624688D}.Release|Any CPU.Build.0 = Release|Any CPU
		{0AA8494A-6D98-4C14-A20A-F60A5624688D}.Release|x64.ActiveCfg = Release|Any CPU
		{0AA8494A-6D98-4C14-A20A-F60A5624688D}.Release|x64.Build.0 = Release|Any CPU
		{0AA8494A-6D98-4C14-A20A-F60A5624688D}.Release|x86.ActiveCfg = Release|Any CPU
		{0AA8494A-6D98-4C14-A20A-F60A5624688D}.Release|x86.Build.0 = Release|Any CPU
		{83AAD27D-FBFF-46B8-B816-6058CB8A72FE}.Debug|Any CPU.ActiveCfg = Debug|Any CPU
		{83AAD27D-FBFF-46B8-B816-6058CB8A72FE}.Debug|Any CPU.Build.0 = Debug|Any CPU
		{83AAD27D-FBFF-46B8-B816-6058CB8A72FE}.Debug|x64.ActiveCfg = Debug|Any CPU
		{83AAD27D-FBFF-46B8-B816-6058CB8A72FE}.Debug|x64.Build.0 = Debug|Any CPU
		{83AAD27D-FBFF-46B8-B816-6058CB8A72FE}.Debug|x86.ActiveCfg = Debug|Any CPU
		{83AAD27D-FBFF-46B8-B816-6058CB8A72FE}.Debug|x86.Build.0 = Debug|Any CPU
		{83AAD27D-FBFF-46B8-B816-6058CB8A72FE}.Release|Any CPU.ActiveCfg = Release|Any CPU
		{83AAD27D-FBFF-46B8-B816-6058CB8A72FE}.Release|Any CPU.Build.0 = Release|Any CPU
		{83AAD27D-FBFF-46B8-B816-6058CB8A72FE}.Release|x64.ActiveCfg = Release|Any CPU
		{83AAD27D-FBFF-46B8-B816-6058CB8A72FE}.Release|x64.Build.0 = Release|Any CPU
		{83AAD27D-FBFF-46B8-B816-6058CB8A72FE}.Release|x86.ActiveCfg = Release|Any CPU
		{83AAD27D-FBFF-46B8-B816-6058CB8A72FE}.Release|x86.Build.0 = Release|Any CPU
		{73F18166-D317-419F-BF83-F9525535A66A}.Debug|Any CPU.ActiveCfg = Debug|Any CPU
		{73F18166-D317-419F-BF83-F9525535A66A}.Debug|Any CPU.Build.0 = Debug|Any CPU
		{73F18166-D317-419F-BF83-F9525535A66A}.Debug|x64.ActiveCfg = Debug|Any CPU
		{73F18166-D317-419F-BF83-F9525535A66A}.Debug|x64.Build.0 = Debug|Any CPU
		{73F18166-D317-419F-BF83-F9525535A66A}.Debug|x86.ActiveCfg = Debug|Any CPU
		{73F18166-D317-419F-BF83-F9525535A66A}.Debug|x86.Build.0 = Debug|Any CPU
		{73F18166-D317-419F-BF83-F9525535A66A}.Release|Any CPU.ActiveCfg = Release|Any CPU
		{73F18166-D317-419F-BF83-F9525535A66A}.Release|Any CPU.Build.0 = Release|Any CPU
		{73F18166-D317-419F-BF83-F9525535A66A}.Release|x64.ActiveCfg = Release|Any CPU
		{73F18166-D317-419F-BF83-F9525535A66A}.Release|x64.Build.0 = Release|Any CPU
		{73F18166-D317-419F-BF83-F9525535A66A}.Release|x86.ActiveCfg = Release|Any CPU
		{73F18166-D317-419F-BF83-F9525535A66A}.Release|x86.Build.0 = Release|Any CPU
		{BDBE004B-43AB-4D9A-9901-5881E5D3A07B}.Debug|Any CPU.ActiveCfg = Debug|Any CPU
		{BDBE004B-43AB-4D9A-9901-5881E5D3A07B}.Debug|Any CPU.Build.0 = Debug|Any CPU
		{BDBE004B-43AB-4D9A-9901-5881E5D3A07B}.Debug|x64.ActiveCfg = Debug|Any CPU
		{BDBE004B-43AB-4D9A-9901-5881E5D3A07B}.Debug|x64.Build.0 = Debug|Any CPU
		{BDBE004B-43AB-4D9A-9901-5881E5D3A07B}.Debug|x86.ActiveCfg = Debug|Any CPU
		{BDBE004B-43AB-4D9A-9901-5881E5D3A07B}.Debug|x86.Build.0 = Debug|Any CPU
		{BDBE004B-43AB-4D9A-9901-5881E5D3A07B}.Release|Any CPU.ActiveCfg = Release|Any CPU
		{BDBE004B-43AB-4D9A-9901-5881E5D3A07B}.Release|Any CPU.Build.0 = Release|Any CPU
		{BDBE004B-43AB-4D9A-9901-5881E5D3A07B}.Release|x64.ActiveCfg = Release|Any CPU
		{BDBE004B-43AB-4D9A-9901-5881E5D3A07B}.Release|x64.Build.0 = Release|Any CPU
		{BDBE004B-43AB-4D9A-9901-5881E5D3A07B}.Release|x86.ActiveCfg = Release|Any CPU
		{BDBE004B-43AB-4D9A-9901-5881E5D3A07B}.Release|x86.Build.0 = Release|Any CPU
		{AAA67DBC-50D3-4CC9-A0B3-BA89DDE7CCCF}.Debug|Any CPU.ActiveCfg = Debug|Any CPU
		{AAA67DBC-50D3-4CC9-A0B3-BA89DDE7CCCF}.Debug|Any CPU.Build.0 = Debug|Any CPU
		{AAA67DBC-50D3-4CC9-A0B3-BA89DDE7CCCF}.Debug|x64.ActiveCfg = Debug|Any CPU
		{AAA67DBC-50D3-4CC9-A0B3-BA89DDE7CCCF}.Debug|x64.Build.0 = Debug|Any CPU
		{AAA67DBC-50D3-4CC9-A0B3-BA89DDE7CCCF}.Debug|x86.ActiveCfg = Debug|Any CPU
		{AAA67DBC-50D3-4CC9-A0B3-BA89DDE7CCCF}.Debug|x86.Build.0 = Debug|Any CPU
		{AAA67DBC-50D3-4CC9-A0B3-BA89DDE7CCCF}.Release|Any CPU.ActiveCfg = Release|Any CPU
		{AAA67DBC-50D3-4CC9-A0B3-BA89DDE7CCCF}.Release|Any CPU.Build.0 = Release|Any CPU
		{AAA67DBC-50D3-4CC9-A0B3-BA89DDE7CCCF}.Release|x64.ActiveCfg = Release|Any CPU
		{AAA67DBC-50D3-4CC9-A0B3-BA89DDE7CCCF}.Release|x64.Build.0 = Release|Any CPU
		{AAA67DBC-50D3-4CC9-A0B3-BA89DDE7CCCF}.Release|x86.ActiveCfg = Release|Any CPU
		{AAA67DBC-50D3-4CC9-A0B3-BA89DDE7CCCF}.Release|x86.Build.0 = Release|Any CPU
		{544DF8A5-2137-43C3-809C-1B727BEC7AB6}.Debug|Any CPU.ActiveCfg = Debug|Any CPU
		{544DF8A5-2137-43C3-809C-1B727BEC7AB6}.Debug|Any CPU.Build.0 = Debug|Any CPU
		{544DF8A5-2137-43C3-809C-1B727BEC7AB6}.Debug|x64.ActiveCfg = Debug|Any CPU
		{544DF8A5-2137-43C3-809C-1B727BEC7AB6}.Debug|x64.Build.0 = Debug|Any CPU
		{544DF8A5-2137-43C3-809C-1B727BEC7AB6}.Debug|x86.ActiveCfg = Debug|Any CPU
		{544DF8A5-2137-43C3-809C-1B727BEC7AB6}.Debug|x86.Build.0 = Debug|Any CPU
		{544DF8A5-2137-43C3-809C-1B727BEC7AB6}.Release|Any CPU.ActiveCfg = Release|Any CPU
		{544DF8A5-2137-43C3-809C-1B727BEC7AB6}.Release|Any CPU.Build.0 = Release|Any CPU
		{544DF8A5-2137-43C3-809C-1B727BEC7AB6}.Release|x64.ActiveCfg = Release|Any CPU
		{544DF8A5-2137-43C3-809C-1B727BEC7AB6}.Release|x64.Build.0 = Release|Any CPU
		{544DF8A5-2137-43C3-809C-1B727BEC7AB6}.Release|x86.ActiveCfg = Release|Any CPU
		{544DF8A5-2137-43C3-809C-1B727BEC7AB6}.Release|x86.Build.0 = Release|Any CPU
		{10045424-ABAE-49B1-825C-A1C7719D5AB6}.Debug|Any CPU.ActiveCfg = Debug|Any CPU
		{10045424-ABAE-49B1-825C-A1C7719D5AB6}.Debug|Any CPU.Build.0 = Debug|Any CPU
		{10045424-ABAE-49B1-825C-A1C7719D5AB6}.Debug|x64.ActiveCfg = Debug|Any CPU
		{10045424-ABAE-49B1-825C-A1C7719D5AB6}.Debug|x64.Build.0 = Debug|Any CPU
		{10045424-ABAE-49B1-825C-A1C7719D5AB6}.Debug|x86.ActiveCfg = Debug|Any CPU
		{10045424-ABAE-49B1-825C-A1C7719D5AB6}.Debug|x86.Build.0 = Debug|Any CPU
		{10045424-ABAE-49B1-825C-A1C7719D5AB6}.Release|Any CPU.ActiveCfg = Release|Any CPU
		{10045424-ABAE-49B1-825C-A1C7719D5AB6}.Release|Any CPU.Build.0 = Release|Any CPU
		{10045424-ABAE-49B1-825C-A1C7719D5AB6}.Release|x64.ActiveCfg = Release|Any CPU
		{10045424-ABAE-49B1-825C-A1C7719D5AB6}.Release|x64.Build.0 = Release|Any CPU
		{10045424-ABAE-49B1-825C-A1C7719D5AB6}.Release|x86.ActiveCfg = Release|Any CPU
		{10045424-ABAE-49B1-825C-A1C7719D5AB6}.Release|x86.Build.0 = Release|Any CPU
		{2A08A74F-41B0-4E8D-923D-2407022EF05F}.Debug|Any CPU.ActiveCfg = Debug|Any CPU
		{2A08A74F-41B0-4E8D-923D-2407022EF05F}.Debug|Any CPU.Build.0 = Debug|Any CPU
		{2A08A74F-41B0-4E8D-923D-2407022EF05F}.Debug|x64.ActiveCfg = Debug|Any CPU
		{2A08A74F-41B0-4E8D-923D-2407022EF05F}.Debug|x64.Build.0 = Debug|Any CPU
		{2A08A74F-41B0-4E8D-923D-2407022EF05F}.Debug|x86.ActiveCfg = Debug|Any CPU
		{2A08A74F-41B0-4E8D-923D-2407022EF05F}.Debug|x86.Build.0 = Debug|Any CPU
		{2A08A74F-41B0-4E8D-923D-2407022EF05F}.Release|Any CPU.ActiveCfg = Release|Any CPU
		{2A08A74F-41B0-4E8D-923D-2407022EF05F}.Release|Any CPU.Build.0 = Release|Any CPU
		{2A08A74F-41B0-4E8D-923D-2407022EF05F}.Release|x64.ActiveCfg = Release|Any CPU
		{2A08A74F-41B0-4E8D-923D-2407022EF05F}.Release|x64.Build.0 = Release|Any CPU
		{2A08A74F-41B0-4E8D-923D-2407022EF05F}.Release|x86.ActiveCfg = Release|Any CPU
		{2A08A74F-41B0-4E8D-923D-2407022EF05F}.Release|x86.Build.0 = Release|Any CPU
		{AFE72FBF-717F-4128-9E88-465BB58D688D}.Debug|Any CPU.ActiveCfg = Debug|Any CPU
		{AFE72FBF-717F-4128-9E88-465BB58D688D}.Debug|Any CPU.Build.0 = Debug|Any CPU
		{AFE72FBF-717F-4128-9E88-465BB58D688D}.Debug|x64.ActiveCfg = Debug|Any CPU
		{AFE72FBF-717F-4128-9E88-465BB58D688D}.Debug|x64.Build.0 = Debug|Any CPU
		{AFE72FBF-717F-4128-9E88-465BB58D688D}.Debug|x86.ActiveCfg = Debug|Any CPU
		{AFE72FBF-717F-4128-9E88-465BB58D688D}.Debug|x86.Build.0 = Debug|Any CPU
		{AFE72FBF-717F-4128-9E88-465BB58D688D}.Release|Any CPU.ActiveCfg = Release|Any CPU
		{AFE72FBF-717F-4128-9E88-465BB58D688D}.Release|Any CPU.Build.0 = Release|Any CPU
		{AFE72FBF-717F-4128-9E88-465BB58D688D}.Release|x64.ActiveCfg = Release|Any CPU
		{AFE72FBF-717F-4128-9E88-465BB58D688D}.Release|x64.Build.0 = Release|Any CPU
		{AFE72FBF-717F-4128-9E88-465BB58D688D}.Release|x86.ActiveCfg = Release|Any CPU
		{AFE72FBF-717F-4128-9E88-465BB58D688D}.Release|x86.Build.0 = Release|Any CPU
		{4FD5D745-CF5A-4626-862D-F26CA905B53D}.Debug|Any CPU.ActiveCfg = Debug|Any CPU
		{4FD5D745-CF5A-4626-862D-F26CA905B53D}.Debug|Any CPU.Build.0 = Debug|Any CPU
		{4FD5D745-CF5A-4626-862D-F26CA905B53D}.Debug|x64.ActiveCfg = Debug|Any CPU
		{4FD5D745-CF5A-4626-862D-F26CA905B53D}.Debug|x64.Build.0 = Debug|Any CPU
		{4FD5D745-CF5A-4626-862D-F26CA905B53D}.Debug|x86.ActiveCfg = Debug|Any CPU
		{4FD5D745-CF5A-4626-862D-F26CA905B53D}.Debug|x86.Build.0 = Debug|Any CPU
		{4FD5D745-CF5A-4626-862D-F26CA905B53D}.Release|Any CPU.ActiveCfg = Release|Any CPU
		{4FD5D745-CF5A-4626-862D-F26CA905B53D}.Release|Any CPU.Build.0 = Release|Any CPU
		{4FD5D745-CF5A-4626-862D-F26CA905B53D}.Release|x64.ActiveCfg = Release|Any CPU
		{4FD5D745-CF5A-4626-862D-F26CA905B53D}.Release|x64.Build.0 = Release|Any CPU
		{4FD5D745-CF5A-4626-862D-F26CA905B53D}.Release|x86.ActiveCfg = Release|Any CPU
		{4FD5D745-CF5A-4626-862D-F26CA905B53D}.Release|x86.Build.0 = Release|Any CPU
		{C57B98D5-7ABF-4C8E-86C9-E24B8B5D5A9F}.Debug|Any CPU.ActiveCfg = Debug|Any CPU
		{C57B98D5-7ABF-4C8E-86C9-E24B8B5D5A9F}.Debug|Any CPU.Build.0 = Debug|Any CPU
		{C57B98D5-7ABF-4C8E-86C9-E24B8B5D5A9F}.Debug|x64.ActiveCfg = Debug|Any CPU
		{C57B98D5-7ABF-4C8E-86C9-E24B8B5D5A9F}.Debug|x64.Build.0 = Debug|Any CPU
		{C57B98D5-7ABF-4C8E-86C9-E24B8B5D5A9F}.Debug|x86.ActiveCfg = Debug|Any CPU
		{C57B98D5-7ABF-4C8E-86C9-E24B8B5D5A9F}.Debug|x86.Build.0 = Debug|Any CPU
		{C57B98D5-7ABF-4C8E-86C9-E24B8B5D5A9F}.Release|Any CPU.ActiveCfg = Release|Any CPU
		{C57B98D5-7ABF-4C8E-86C9-E24B8B5D5A9F}.Release|Any CPU.Build.0 = Release|Any CPU
		{C57B98D5-7ABF-4C8E-86C9-E24B8B5D5A9F}.Release|x64.ActiveCfg = Release|Any CPU
		{C57B98D5-7ABF-4C8E-86C9-E24B8B5D5A9F}.Release|x64.Build.0 = Release|Any CPU
		{C57B98D5-7ABF-4C8E-86C9-E24B8B5D5A9F}.Release|x86.ActiveCfg = Release|Any CPU
		{C57B98D5-7ABF-4C8E-86C9-E24B8B5D5A9F}.Release|x86.Build.0 = Release|Any CPU
		{A5705EB0-A7CB-4B5C-B95A-09642392CB45}.Debug|Any CPU.ActiveCfg = Debug|Any CPU
		{A5705EB0-A7CB-4B5C-B95A-09642392CB45}.Debug|Any CPU.Build.0 = Debug|Any CPU
		{A5705EB0-A7CB-4B5C-B95A-09642392CB45}.Debug|x64.ActiveCfg = Debug|Any CPU
		{A5705EB0-A7CB-4B5C-B95A-09642392CB45}.Debug|x64.Build.0 = Debug|Any CPU
		{A5705EB0-A7CB-4B5C-B95A-09642392CB45}.Debug|x86.ActiveCfg = Debug|Any CPU
		{A5705EB0-A7CB-4B5C-B95A-09642392CB45}.Debug|x86.Build.0 = Debug|Any CPU
		{A5705EB0-A7CB-4B5C-B95A-09642392CB45}.Release|Any CPU.ActiveCfg = Release|Any CPU
		{A5705EB0-A7CB-4B5C-B95A-09642392CB45}.Release|Any CPU.Build.0 = Release|Any CPU
		{A5705EB0-A7CB-4B5C-B95A-09642392CB45}.Release|x64.ActiveCfg = Release|Any CPU
		{A5705EB0-A7CB-4B5C-B95A-09642392CB45}.Release|x64.Build.0 = Release|Any CPU
		{A5705EB0-A7CB-4B5C-B95A-09642392CB45}.Release|x86.ActiveCfg = Release|Any CPU
		{A5705EB0-A7CB-4B5C-B95A-09642392CB45}.Release|x86.Build.0 = Release|Any CPU
		{97732C4C-BBAC-4A70-BD4A-13A38C172F3A}.Debug|Any CPU.ActiveCfg = Debug|Any CPU
		{97732C4C-BBAC-4A70-BD4A-13A38C172F3A}.Debug|Any CPU.Build.0 = Debug|Any CPU
		{97732C4C-BBAC-4A70-BD4A-13A38C172F3A}.Debug|x64.ActiveCfg = Debug|Any CPU
		{97732C4C-BBAC-4A70-BD4A-13A38C172F3A}.Debug|x64.Build.0 = Debug|Any CPU
		{97732C4C-BBAC-4A70-BD4A-13A38C172F3A}.Debug|x86.ActiveCfg = Debug|Any CPU
		{97732C4C-BBAC-4A70-BD4A-13A38C172F3A}.Debug|x86.Build.0 = Debug|Any CPU
		{97732C4C-BBAC-4A70-BD4A-13A38C172F3A}.Release|Any CPU.ActiveCfg = Release|Any CPU
		{97732C4C-BBAC-4A70-BD4A-13A38C172F3A}.Release|Any CPU.Build.0 = Release|Any CPU
		{97732C4C-BBAC-4A70-BD4A-13A38C172F3A}.Release|x64.ActiveCfg = Release|Any CPU
		{97732C4C-BBAC-4A70-BD4A-13A38C172F3A}.Release|x64.Build.0 = Release|Any CPU
		{97732C4C-BBAC-4A70-BD4A-13A38C172F3A}.Release|x86.ActiveCfg = Release|Any CPU
		{97732C4C-BBAC-4A70-BD4A-13A38C172F3A}.Release|x86.Build.0 = Release|Any CPU
		{0FF37727-6662-4FC8-9CC4-9175BCA6234B}.Debug|Any CPU.ActiveCfg = Debug|Any CPU
		{0FF37727-6662-4FC8-9CC4-9175BCA6234B}.Debug|Any CPU.Build.0 = Debug|Any CPU
		{0FF37727-6662-4FC8-9CC4-9175BCA6234B}.Debug|x64.ActiveCfg = Debug|Any CPU
		{0FF37727-6662-4FC8-9CC4-9175BCA6234B}.Debug|x64.Build.0 = Debug|Any CPU
		{0FF37727-6662-4FC8-9CC4-9175BCA6234B}.Debug|x86.ActiveCfg = Debug|Any CPU
		{0FF37727-6662-4FC8-9CC4-9175BCA6234B}.Debug|x86.Build.0 = Debug|Any CPU
		{0FF37727-6662-4FC8-9CC4-9175BCA6234B}.Release|Any CPU.ActiveCfg = Release|Any CPU
		{0FF37727-6662-4FC8-9CC4-9175BCA6234B}.Release|Any CPU.Build.0 = Release|Any CPU
		{0FF37727-6662-4FC8-9CC4-9175BCA6234B}.Release|x64.ActiveCfg = Release|Any CPU
		{0FF37727-6662-4FC8-9CC4-9175BCA6234B}.Release|x64.Build.0 = Release|Any CPU
		{0FF37727-6662-4FC8-9CC4-9175BCA6234B}.Release|x86.ActiveCfg = Release|Any CPU
		{0FF37727-6662-4FC8-9CC4-9175BCA6234B}.Release|x86.Build.0 = Release|Any CPU
		{540DDE34-1E39-4371-B906-68C943CED961}.Debug|Any CPU.ActiveCfg = Debug|Any CPU
		{540DDE34-1E39-4371-B906-68C943CED961}.Debug|Any CPU.Build.0 = Debug|Any CPU
		{540DDE34-1E39-4371-B906-68C943CED961}.Debug|x64.ActiveCfg = Debug|Any CPU
		{540DDE34-1E39-4371-B906-68C943CED961}.Debug|x64.Build.0 = Debug|Any CPU
		{540DDE34-1E39-4371-B906-68C943CED961}.Debug|x86.ActiveCfg = Debug|Any CPU
		{540DDE34-1E39-4371-B906-68C943CED961}.Debug|x86.Build.0 = Debug|Any CPU
		{540DDE34-1E39-4371-B906-68C943CED961}.Release|Any CPU.ActiveCfg = Release|Any CPU
		{540DDE34-1E39-4371-B906-68C943CED961}.Release|Any CPU.Build.0 = Release|Any CPU
		{540DDE34-1E39-4371-B906-68C943CED961}.Release|x64.ActiveCfg = Release|Any CPU
		{540DDE34-1E39-4371-B906-68C943CED961}.Release|x64.Build.0 = Release|Any CPU
		{540DDE34-1E39-4371-B906-68C943CED961}.Release|x86.ActiveCfg = Release|Any CPU
		{540DDE34-1E39-4371-B906-68C943CED961}.Release|x86.Build.0 = Release|Any CPU
	EndGlobalSection
EndGlobal
